{
  "name": "jinya-backup",
  "version": "1.0.0",
  "lockfileVersion": 2,
  "requires": true,
  "packages": {
    "": {
      "name": "jinya-backup",
      "version": "1.0.0",
      "license": "MIT",
      "dependencies": {
        "@jinyacms/cosmo": "0.12.0"
      }
    },
    "node_modules/@jinyacms/cosmo": {
      "version": "0.12.0",
      "resolved": "https://registry.npmjs.org/@jinyacms/cosmo/-/cosmo-0.12.0.tgz",
      "integrity": "sha512-aEuOnleyiVtJQ8AdZ8xouTauDWz1lYqi2UIS+aqGSSX0ivsC6zP22YSY74EDrdv+u2FcWuJTIUWAdyBvRVKmFQ=="
    }
  },
  "dependencies": {
    "@jinyacms/cosmo": {
      "version": "0.12.0",
      "resolved": "https://registry.npmjs.org/@jinyacms/cosmo/-/cosmo-0.12.0.tgz",
      "integrity": "sha512-aEuOnleyiVtJQ8AdZ8xouTauDWz1lYqi2UIS+aqGSSX0ivsC6zP22YSY74EDrdv+u2FcWuJTIUWAdyBvRVKmFQ=="
    }
  }
}
