{
  "name": "jinya-backup",
  "version": "1.0.0",
  "lockfileVersion": 2,
  "requires": true,
  "packages": {
    "": {
      "name": "jinya-backup",
      "version": "1.0.0",
      "license": "MIT",
      "dependencies": {
        "@jinyacms/cosmo": "0.10.0"
      }
    },
    "node_modules/@jinyacms/cosmo": {
      "version": "0.10.0",
      "resolved": "https://registry.npmjs.org/@jinyacms/cosmo/-/cosmo-0.10.0.tgz",
      "integrity": "sha512-36Uq5MWw2kmidy0h0rbA6WCBlJEhVgie3nOyjLJy0j0/y3sd/njbJzoSn10agXLpZ4szb6vmBv3TJ6KUEvV9Yg=="
    }
  },
  "dependencies": {
    "@jinyacms/cosmo": {
      "version": "0.10.0",
      "resolved": "https://registry.npmjs.org/@jinyacms/cosmo/-/cosmo-0.10.0.tgz",
      "integrity": "sha512-36Uq5MWw2kmidy0h0rbA6WCBlJEhVgie3nOyjLJy0j0/y3sd/njbJzoSn10agXLpZ4szb6vmBv3TJ6KUEvV9Yg=="
    }
  }
}
