{
  "name": "jinya-backup",
  "version": "1.0.0",
  "lockfileVersion": 2,
  "requires": true,
  "packages": {
    "": {
      "name": "jinya-backup",
      "version": "1.0.0",
      "license": "MIT",
      "dependencies": {
        "@jinyacms/cosmo": "0.11.0"
      }
    },
    "node_modules/@jinyacms/cosmo": {
      "version": "0.11.0",
      "resolved": "https://registry.npmjs.org/@jinyacms/cosmo/-/cosmo-0.11.0.tgz",
      "integrity": "sha512-w3Ki2sHPPImp5VAykRhpD7nRN4f6hAZJ5oABI9jOmGo1Cl8o8msU6pi2aLfjC89099+J8YK14WxlPjTyT8HV6g=="
    }
  },
  "dependencies": {
    "@jinyacms/cosmo": {
      "version": "0.11.0",
      "resolved": "https://registry.npmjs.org/@jinyacms/cosmo/-/cosmo-0.11.0.tgz",
      "integrity": "sha512-w3Ki2sHPPImp5VAykRhpD7nRN4f6hAZJ5oABI9jOmGo1Cl8o8msU6pi2aLfjC89099+J8YK14WxlPjTyT8HV6g=="
    }
  }
}
