{
  "name": "jinya-backup",
  "version": "1.0.0",
  "lockfileVersion": 2,
  "requires": true,
  "packages": {
    "": {
      "name": "jinya-backup",
      "version": "1.0.0",
      "license": "MIT",
      "dependencies": {
        "@jinyacms/cosmo": "0.15.3",
        "@jinyacms/jinya-html": "1.0.1"
      }
    },
    "node_modules/@jinyacms/cosmo": {
      "version": "0.15.3",
      "resolved": "https://registry.npmjs.org/@jinyacms/cosmo/-/cosmo-0.15.3.tgz",
      "integrity": "sha512-6wXUKWhOiSS8bfuN6VzGjyQ4qtzx5N9Vyobb6y2+6rBVmqe/XXSm0tW3VOOHQQwj40uwW5ZWMfWuwxtyVDAdAg=="
    },
    "node_modules/@jinyacms/jinya-html": {
      "version": "1.0.1",
      "resolved": "https://registry.npmjs.org/@jinyacms/jinya-html/-/jinya-html-1.0.1.tgz",
      "integrity": "sha512-I10IZa3D98uVMFS63ALkp+sEH7VSfiHTVACdvyurd1LKbIuuQa1uYmr/WfHtdSMtXx892TqjF3YpyL9D2vrvvg=="
    }
  },
  "dependencies": {
    "@jinyacms/cosmo": {
      "version": "0.15.3",
      "resolved": "https://registry.npmjs.org/@jinyacms/cosmo/-/cosmo-0.15.3.tgz",
      "integrity": "sha512-6wXUKWhOiSS8bfuN6VzGjyQ4qtzx5N9Vyobb6y2+6rBVmqe/XXSm0tW3VOOHQQwj40uwW5ZWMfWuwxtyVDAdAg=="
    },
    "@jinyacms/jinya-html": {
      "version": "1.0.1",
      "resolved": "https://registry.npmjs.org/@jinyacms/jinya-html/-/jinya-html-1.0.1.tgz",
      "integrity": "sha512-I10IZa3D98uVMFS63ALkp+sEH7VSfiHTVACdvyurd1LKbIuuQa1uYmr/WfHtdSMtXx892TqjF3YpyL9D2vrvvg=="
    }
  }
}
